// !$*UTF8*$!
{
	archiveVersion = 1;
	classes = {
	};
	objectVersion = 46;
	objects = {

/* Begin PBXBuildFile section */
		3F62DE931E9DCC8F0040ACD3 /* AppDelegate.swift in Sources */ = {isa = PBXBuildFile; fileRef = 3F62DE921E9DCC8F0040ACD3 /* AppDelegate.swift */; };
		3F62DE951E9DCC8F0040ACD3 /* ViewController.swift in Sources */ = {isa = PBXBuildFile; fileRef = 3F62DE941E9DCC8F0040ACD3 /* ViewController.swift */; };
		3F62DE981E9DCC8F0040ACD3 /* Main.storyboard in Resources */ = {isa = PBXBuildFile; fileRef = 3F62DE961E9DCC8F0040ACD3 /* Main.storyboard */; };
		3F62DE9A1E9DCC8F0040ACD3 /* Assets.xcassets in Resources */ = {isa = PBXBuildFile; fileRef = 3F62DE991E9DCC8F0040ACD3 /* Assets.xcassets */; };
		3F62DE9D1E9DCC8F0040ACD3 /* LaunchScreen.storyboard in Resources */ = {isa = PBXBuildFile; fileRef = 3F62DE9B1E9DCC8F0040ACD3 /* LaunchScreen.storyboard */; };
		3F62DEA81E9DCC900040ACD3 /* Marvel_Hero_IndexTests.swift in Sources */ = {isa = PBXBuildFile; fileRef = 3F62DEA71E9DCC900040ACD3 /* Marvel_Hero_IndexTests.swift */; };
		3F62DEB31E9DCC900040ACD3 /* Marvel_Hero_IndexUITests.swift in Sources */ = {isa = PBXBuildFile; fileRef = 3F62DEB21E9DCC900040ACD3 /* Marvel_Hero_IndexUITests.swift */; };
/* End PBXBuildFile section */

/* Begin PBXContainerItemProxy section */
		3F62DEA41E9DCC900040ACD3 /* PBXContainerItemProxy */ = {
			isa = PBXContainerItemProxy;
			containerPortal = 3F62DE871E9DCC8F0040ACD3 /* Project object */;
			proxyType = 1;
			remoteGlobalIDString = 3F62DE8E1E9DCC8F0040ACD3;
			remoteInfo = "Marvel Hero Index";
		};
		3F62DEAF1E9DCC900040ACD3 /* PBXContainerItemProxy */ = {
			isa = PBXContainerItemProxy;
			containerPortal = 3F62DE871E9DCC8F0040ACD3 /* Project object */;
			proxyType = 1;
			remoteGlobalIDString = 3F62DE8E1E9DCC8F0040ACD3;
			remoteInfo = "Marvel Hero Index";
		};
/* End PBXContainerItemProxy section */

/* Begin PBXFileReference section */
		3F62DE8F1E9DCC8F0040ACD3 /* Marvel Hero Index.app */ = {isa = PBXFileReference; explicitFileType = wrapper.application; includeInIndex = 0; path = "Marvel Hero Index.app"; sourceTree = BUILT_PRODUCTS_DIR; };
		3F62DE921E9DCC8F0040ACD3 /* AppDelegate.swift */ = {isa = PBXFileReference; lastKnownFileType = sourcecode.swift; path = AppDelegate.swift; sourceTree = "<group>"; };
		3F62DE941E9DCC8F0040ACD3 /* ViewController.swift */ = {isa = PBXFileReference; lastKnownFileType = sourcecode.swift; path = ViewController.swift; sourceTree = "<group>"; };
		3F62DE971E9DCC8F0040ACD3 /* Base */ = {isa = PBXFileReference; lastKnownFileType = file.storyboard; name = Base; path = Base.lproj/Main.storyboard; sourceTree = "<group>"; };
		3F62DE991E9DCC8F0040ACD3 /* Assets.xcassets */ = {isa = PBXFileReference; lastKnownFileType = folder.assetcatalog; path = Assets.xcassets; sourceTree = "<group>"; };
		3F62DE9C1E9DCC8F0040ACD3 /* Base */ = {isa = PBXFileReference; lastKnownFileType = file.storyboard; name = Base; path = Base.lproj/LaunchScreen.storyboard; sourceTree = "<group>"; };
		3F62DE9E1E9DCC8F0040ACD3 /* Info.plist */ = {isa = PBXFileReference; lastKnownFileType = text.plist.xml; path = Info.plist; sourceTree = "<group>"; };
		3F62DEA31E9DCC900040ACD3 /* Marvel Hero IndexTests.xctest */ = {isa = PBXFileReference; explicitFileType = wrapper.cfbundle; includeInIndex = 0; path = "Marvel Hero IndexTests.xctest"; sourceTree = BUILT_PRODUCTS_DIR; };
		3F62DEA71E9DCC900040ACD3 /* Marvel_Hero_IndexTests.swift */ = {isa = PBXFileReference; lastKnownFileType = sourcecode.swift; path = Marvel_Hero_IndexTests.swift; sourceTree = "<group>"; };
		3F62DEA91E9DCC900040ACD3 /* Info.plist */ = {isa = PBXFileReference; lastKnownFileType = text.plist.xml; path = Info.plist; sourceTree = "<group>"; };
		3F62DEAE1E9DCC900040ACD3 /* Marvel Hero IndexUITests.xctest */ = {isa = PBXFileReference; explicitFileType = wrapper.cfbundle; includeInIndex = 0; path = "Marvel Hero IndexUITests.xctest"; sourceTree = BUILT_PRODUCTS_DIR; };
		3F62DEB21E9DCC900040ACD3 /* Marvel_Hero_IndexUITests.swift */ = {isa = PBXFileReference; lastKnownFileType = sourcecode.swift; path = Marvel_Hero_IndexUITests.swift; sourceTree = "<group>"; };
		3F62DEB41E9DCC900040ACD3 /* Info.plist */ = {isa = PBXFileReference; lastKnownFileType = text.plist.xml; path = Info.plist; sourceTree = "<group>"; };
/* End PBXFileReference section */

/* Begin PBXFrameworksBuildPhase section */
		3F62DE8C1E9DCC8F0040ACD3 /* Frameworks */ = {
			isa = PBXFrameworksBuildPhase;
			buildActionMask = 2147483647;
			files = (
			);
			runOnlyForDeploymentPostprocessing = 0;
		};
		3F62DEA01E9DCC900040ACD3 /* Frameworks */ = {
			isa = PBXFrameworksBuildPhase;
			buildActionMask = 2147483647;
			files = (
			);
			runOnlyForDeploymentPostprocessing = 0;
		};
		3F62DEAB1E9DCC900040ACD3 /* Frameworks */ = {
			isa = PBXFrameworksBuildPhase;
			buildActionMask = 2147483647;
			files = (
			);
			runOnlyForDeploymentPostprocessing = 0;
		};
/* End PBXFrameworksBuildPhase section */

/* Begin PBXGroup section */
		3F62DE861E9DCC8F0040ACD3 = {
			isa = PBXGroup;
			children = (
				3F62DE911E9DCC8F0040ACD3 /* Marvel Hero Index */,
				3F62DEA61E9DCC900040ACD3 /* Marvel Hero IndexTests */,
				3F62DEB11E9DCC900040ACD3 /* Marvel Hero IndexUITests */,
				3F62DE901E9DCC8F0040ACD3 /* Products */,
			);
			sourceTree = "<group>";
		};
		3F62DE901E9DCC8F0040ACD3 /* Products */ = {
			isa = PBXGroup;
			children = (
				3F62DE8F1E9DCC8F0040ACD3 /* Marvel Hero Index.app */,
				3F62DEA31E9DCC900040ACD3 /* Marvel Hero IndexTests.xctest */,
				3F62DEAE1E9DCC900040ACD3 /* Marvel Hero IndexUITests.xctest */,
			);
			name = Products;
			sourceTree = "<group>";
		};
		3F62DE911E9DCC8F0040ACD3 /* Marvel Hero Index */ = {
			isa = PBXGroup;
			children = (
				3F62DE921E9DCC8F0040ACD3 /* AppDelegate.swift */,
				3F62DE941E9DCC8F0040ACD3 /* ViewController.swift */,
				3F62DE961E9DCC8F0040ACD3 /* Main.storyboard */,
				3F62DE991E9DCC8F0040ACD3 /* Assets.xcassets */,
				3F62DE9B1E9DCC8F0040ACD3 /* LaunchScreen.storyboard */,
				3F62DE9E1E9DCC8F0040ACD3 /* Info.plist */,
			);
			path = "Marvel Hero Index";
			sourceTree = "<group>";
		};
		3F62DEA61E9DCC900040ACD3 /* Marvel Hero IndexTests */ = {
			isa = PBXGroup;
			children = (
				3F62DEA71E9DCC900040ACD3 /* Marvel_Hero_IndexTests.swift */,
				3F62DEA91E9DCC900040ACD3 /* Info.plist */,
			);
			path = "Marvel Hero IndexTests";
			sourceTree = "<group>";
		};
		3F62DEB11E9DCC900040ACD3 /* Marvel Hero IndexUITests */ = {
			isa = PBXGroup;
			children = (
				3F62DEB21E9DCC900040ACD3 /* Marvel_Hero_IndexUITests.swift */,
				3F62DEB41E9DCC900040ACD3 /* Info.plist */,
			);
			path = "Marvel Hero IndexUITests";
			sourceTree = "<group>";
		};
/* End PBXGroup section */

/* Begin PBXNativeTarget section */
		3F62DE8E1E9DCC8F0040ACD3 /* Marvel Hero Index */ = {
			isa = PBXNativeTarget;
			buildConfigurationList = 3F62DEB71E9DCC900040ACD3 /* Build configuration list for PBXNativeTarget "Marvel Hero Index" */;
			buildPhases = (
				3F62DE8B1E9DCC8F0040ACD3 /* Sources */,
				3F62DE8C1E9DCC8F0040ACD3 /* Frameworks */,
				3F62DE8D1E9DCC8F0040ACD3 /* Resources */,
			);
			buildRules = (
			);
			dependencies = (
			);
			name = "Marvel Hero Index";
			productName = "Marvel Hero Index";
			productReference = 3F62DE8F1E9DCC8F0040ACD3 /* Marvel Hero Index.app */;
			productType = "com.apple.product-type.application";
		};
		3F62DEA21E9DCC900040ACD3 /* Marvel Hero IndexTests */ = {
			isa = PBXNativeTarget;
			buildConfigurationList = 3F62DEBA1E9DCC900040ACD3 /* Build configuration list for PBXNativeTarget "Marvel Hero IndexTests" */;
			buildPhases = (
				3F62DE9F1E9DCC900040ACD3 /* Sources */,
				3F62DEA01E9DCC900040ACD3 /* Frameworks */,
				3F62DEA11E9DCC900040ACD3 /* Resources */,
			);
			buildRules = (
			);
			dependencies = (
				3F62DEA51E9DCC900040ACD3 /* PBXTargetDependency */,
			);
			name = "Marvel Hero IndexTests";
			productName = "Marvel Hero IndexTests";
			productReference = 3F62DEA31E9DCC900040ACD3 /* Marvel Hero IndexTests.xctest */;
			productType = "com.apple.product-type.bundle.unit-test";
		};
		3F62DEAD1E9DCC900040ACD3 /* Marvel Hero IndexUITests */ = {
			isa = PBXNativeTarget;
			buildConfigurationList = 3F62DEBD1E9DCC900040ACD3 /* Build configuration list for PBXNativeTarget "Marvel Hero IndexUITests" */;
			buildPhases = (
				3F62DEAA1E9DCC900040ACD3 /* Sources */,
				3F62DEAB1E9DCC900040ACD3 /* Frameworks */,
				3F62DEAC1E9DCC900040ACD3 /* Resources */,
			);
			buildRules = (
			);
			dependencies = (
				3F62DEB01E9DCC900040ACD3 /* PBXTargetDependency */,
			);
			name = "Marvel Hero IndexUITests";
			productName = "Marvel Hero IndexUITests";
			productReference = 3F62DEAE1E9DCC900040ACD3 /* Marvel Hero IndexUITests.xctest */;
			productType = "com.apple.product-type.bundle.ui-testing";
		};
/* End PBXNativeTarget section */

/* Begin PBXProject section */
		3F62DE871E9DCC8F0040ACD3 /* Project object */ = {
			isa = PBXProject;
			attributes = {
				LastSwiftUpdateCheck = 0830;
				LastUpgradeCheck = 0830;
				ORGANIZATIONNAME = "Mike Stucj";
				TargetAttributes = {
					3F62DE8E1E9DCC8F0040ACD3 = {
						CreatedOnToolsVersion = 8.3.1;
						DevelopmentTeam = 3SXQEM59BM;
						ProvisioningStyle = Automatic;
					};
					3F62DEA21E9DCC900040ACD3 = {
						CreatedOnToolsVersion = 8.3.1;
						DevelopmentTeam = 3SXQEM59BM;
						ProvisioningStyle = Automatic;
						TestTargetID = 3F62DE8E1E9DCC8F0040ACD3;
					};
					3F62DEAD1E9DCC900040ACD3 = {
						CreatedOnToolsVersion = 8.3.1;
						DevelopmentTeam = 3SXQEM59BM;
						ProvisioningStyle = Automatic;
						TestTargetID = 3F62DE8E1E9DCC8F0040ACD3;
					};
				};
			};
			buildConfigurationList = 3F62DE8A1E9DCC8F0040ACD3 /* Build configuration list for PBXProject "Marvel Hero Index" */;
			compatibilityVersion = "Xcode 3.2";
			developmentRegion = English;
			hasScannedForEncodings = 0;
			knownRegions = (
				en,
				Base,
			);
			mainGroup = 3F62DE861E9DCC8F0040ACD3;
			productRefGroup = 3F62DE901E9DCC8F0040ACD3 /* Products */;
			projectDirPath = "";
			projectRoot = "";
			targets = (
				3F62DE8E1E9DCC8F0040ACD3 /* Marvel Hero Index */,
				3F62DEA21E9DCC900040ACD3 /* Marvel Hero IndexTests */,
				3F62DEAD1E9DCC900040ACD3 /* Marvel Hero IndexUITests */,
			);
		};
/* End PBXProject section */

/* Begin PBXResourcesBuildPhase section */
		3F62DE8D1E9DCC8F0040ACD3 /* Resources */ = {
			isa = PBXResourcesBuildPhase;
			buildActionMask = 2147483647;
			files = (
				3F62DE9D1E9DCC8F0040ACD3 /* LaunchScreen.storyboard in Resources */,
				3F62DE9A1E9DCC8F0040ACD3 /* Assets.xcassets in Resources */,
				3F62DE981E9DCC8F0040ACD3 /* Main.storyboard in Resources */,
			);
			runOnlyForDeploymentPostprocessing = 0;
		};
		3F62DEA11E9DCC900040ACD3 /* Resources */ = {
			isa = PBXResourcesBuildPhase;
			buildActionMask = 2147483647;
			files = (
			);
			runOnlyForDeploymentPostprocessing = 0;
		};
		3F62DEAC1E9DCC900040ACD3 /* Resources */ = {
			isa = PBXResourcesBuildPhase;
			buildActionMask = 2147483647;
			files = (
			);
			runOnlyForDeploymentPostprocessing = 0;
		};
/* End PBXResourcesBuildPhase section */

/* Begin PBXSourcesBuildPhase section */
		3F62DE8B1E9DCC8F0040ACD3 /* Sources */ = {
			isa = PBXSourcesBuildPhase;
			buildActionMask = 2147483647;
			files = (
				3F62DE951E9DCC8F0040ACD3 /* ViewController.swift in Sources */,
				3F62DE931E9DCC8F0040ACD3 /* AppDelegate.swift in Sources */,
			);
			runOnlyForDeploymentPostprocessing = 0;
		};
		3F62DE9F1E9DCC900040ACD3 /* Sources */ = {
			isa = PBXSourcesBuildPhase;
			buildActionMask = 2147483647;
			files = (
				3F62DEA81E9DCC900040ACD3 /* Marvel_Hero_IndexTests.swift in Sources */,
			);
			runOnlyForDeploymentPostprocessing = 0;
		};
		3F62DEAA1E9DCC900040ACD3 /* Sources */ = {
			isa = PBXSourcesBuildPhase;
			buildActionMask = 2147483647;
			files = (
				3F62DEB31E9DCC900040ACD3 /* Marvel_Hero_IndexUITests.swift in Sources */,
			);
			runOnlyForDeploymentPostprocessing = 0;
		};
/* End PBXSourcesBuildPhase section */

/* Begin PBXTargetDependency section */
		3F62DEA51E9DCC900040ACD3 /* PBXTargetDependency */ = {
			isa = PBXTargetDependency;
			target = 3F62DE8E1E9DCC8F0040ACD3 /* Marvel Hero Index */;
			targetProxy = 3F62DEA41E9DCC900040ACD3 /* PBXContainerItemProxy */;
		};
		3F62DEB01E9DCC900040ACD3 /* PBXTargetDependency */ = {
			isa = PBXTargetDependency;
			target = 3F62DE8E1E9DCC8F0040ACD3 /* Marvel Hero Index */;
			targetProxy = 3F62DEAF1E9DCC900040ACD3 /* PBXContainerItemProxy */;
		};
/* End PBXTargetDependency section */

/* Begin PBXVariantGroup section */
		3F62DE961E9DCC8F0040ACD3 /* Main.storyboard */ = {
			isa = PBXVariantGroup;
			children = (
				3F62DE971E9DCC8F0040ACD3 /* Base */,
			);
			name = Main.storyboard;
			sourceTree = "<group>";
		};
		3F62DE9B1E9DCC8F0040ACD3 /* LaunchScreen.storyboard */ = {
			isa = PBXVariantGroup;
			children = (
				3F62DE9C1E9DCC8F0040ACD3 /* Base */,
			);
			name = LaunchScreen.storyboard;
			sourceTree = "<group>";
		};
/* End PBXVariantGroup section */

/* Begin XCBuildConfiguration section */
		3F62DEB51E9DCC900040ACD3 /* Debug */ = {
			isa = XCBuildConfiguration;
			buildSettings = {
				ALWAYS_SEARCH_USER_PATHS = NO;
				CLANG_ANALYZER_NONNULL = YES;
				CLANG_ANALYZER_NUMBER_OBJECT_CONVERSION = YES_AGGRESSIVE;
				CLANG_CXX_LANGUAGE_STANDARD = "gnu++0x";
				CLANG_CXX_LIBRARY = "libc++";
				CLANG_ENABLE_MODULES = YES;
				CLANG_ENABLE_OBJC_ARC = YES;
				CLANG_WARN_BOOL_CONVERSION = YES;
				CLANG_WARN_CONSTANT_CONVERSION = YES;
				CLANG_WARN_DIRECT_OBJC_ISA_USAGE = YES_ERROR;
				CLANG_WARN_DOCUMENTATION_COMMENTS = YES;
				CLANG_WARN_EMPTY_BODY = YES;
				CLANG_WARN_ENUM_CONVERSION = YES;
				CLANG_WARN_INFINITE_RECURSION = YES;
				CLANG_WARN_INT_CONVERSION = YES;
				CLANG_WARN_OBJC_ROOT_CLASS = YES_ERROR;
				CLANG_WARN_SUSPICIOUS_MOVE = YES;
				CLANG_WARN_UNREACHABLE_CODE = YES;
				CLANG_WARN__DUPLICATE_METHOD_MATCH = YES;
				"CODE_SIGN_IDENTITY[sdk=iphoneos*]" = "iPhone Developer";
				COPY_PHASE_STRIP = NO;
				DEBUG_INFORMATION_FORMAT = dwarf;
				ENABLE_STRICT_OBJC_MSGSEND = YES;
				ENABLE_TESTABILITY = YES;
				GCC_C_LANGUAGE_STANDARD = gnu99;
				GCC_DYNAMIC_NO_PIC = NO;
				GCC_NO_COMMON_BLOCKS = YES;
				GCC_OPTIMIZATION_LEVEL = 0;
				GCC_PREPROCESSOR_DEFINITIONS = (
					"DEBUG=1",
					"$(inherited)",
				);
				GCC_WARN_64_TO_32_BIT_CONVERSION = YES;
				GCC_WARN_ABOUT_RETURN_TYPE = YES_ERROR;
				GCC_WARN_UNDECLARED_SELECTOR = YES;
				GCC_WARN_UNINITIALIZED_AUTOS = YES_AGGRESSIVE;
				GCC_WARN_UNUSED_FUNCTION = YES;
				GCC_WARN_UNUSED_VARIABLE = YES;
				IPHONEOS_DEPLOYMENT_TARGET = 10.3;
				MTL_ENABLE_DEBUG_INFO = YES;
				ONLY_ACTIVE_ARCH = YES;
				SDKROOT = iphoneos;
				SWIFT_ACTIVE_COMPILATION_CONDITIONS = DEBUG;
				SWIFT_OPTIMIZATION_LEVEL = "-Onone";
			};
			name = Debug;
		};
		3F62DEB61E9DCC900040ACD3 /* Release */ = {
			isa = XCBuildConfiguration;
			buildSettings = {
				ALWAYS_SEARCH_USER_PATHS = NO;
				CLANG_ANALYZER_NONNULL = YES;
				CLANG_ANALYZER_NUMBER_OBJECT_CONVERSION = YES_AGGRESSIVE;
				CLANG_CXX_LANGUAGE_STANDARD = "gnu++0x";
				CLANG_CXX_LIBRARY = "libc++";
				CLANG_ENABLE_MODULES = YES;
				CLANG_ENABLE_OBJC_ARC = YES;
				CLANG_WARN_BOOL_CONVERSION = YES;
				CLANG_WARN_CONSTANT_CONVERSION = YES;
				CLANG_WARN_DIRECT_OBJC_ISA_USAGE = YES_ERROR;
				CLANG_WARN_DOCUMENTATION_COMMENTS = YES;
				CLANG_WARN_EMPTY_BODY = YES;
				CLANG_WARN_ENUM_CONVERSION = YES;
				CLANG_WARN_INFINITE_RECURSION = YES;
				CLANG_WARN_INT_CONVERSION = YES;
				CLANG_WARN_OBJC_ROOT_CLASS = YES_ERROR;
				CLANG_WARN_SUSPICIOUS_MOVE = YES;
				CLANG_WARN_UNREACHABLE_CODE = YES;
				CLANG_WARN__DUPLICATE_METHOD_MATCH = YES;
				"CODE_SIGN_IDENTITY[sdk=iphoneos*]" = "iPhone Developer";
				COPY_PHASE_STRIP = NO;
				DEBUG_INFORMATION_FORMAT = "dwarf-with-dsym";
				ENABLE_NS_ASSERTIONS = NO;
				ENABLE_STRICT_OBJC_MSGSEND = YES;
				GCC_C_LANGUAGE_STANDARD = gnu99;
				GCC_NO_COMMON_BLOCKS = YES;
				GCC_WARN_64_TO_32_BIT_CONVERSION = YES;
				GCC_WARN_ABOUT_RETURN_TYPE = YES_ERROR;
				GCC_WARN_UNDECLARED_SELECTOR = YES;
				GCC_WARN_UNINITIALIZED_AUTOS = YES_AGGRESSIVE;
				GCC_WARN_UNUSED_FUNCTION = YES;
				GCC_WARN_UNUSED_VARIABLE = YES;
				IPHONEOS_DEPLOYMENT_TARGET = 10.3;
				MTL_ENABLE_DEBUG_INFO = NO;
				SDKROOT = iphoneos;
				SWIFT_OPTIMIZATION_LEVEL = "-Owholemodule";
				VALIDATE_PRODUCT = YES;
			};
			name = Release;
		};
		3F62DEB81E9DCC900040ACD3 /* Debug */ = {
			isa = XCBuildConfiguration;
			buildSettings = {
				ASSETCATALOG_COMPILER_APPICON_NAME = AppIcon;
				DEVELOPMENT_TEAM = 3SXQEM59BM;
				INFOPLIST_FILE = "Marvel Hero Index/Info.plist";
				LD_RUNPATH_SEARCH_PATHS = "$(inherited) @executable_path/Frameworks";
				PRODUCT_BUNDLE_IDENTIFIER = "com.MikeStuck.Marvel-Hero-Index";
				PRODUCT_NAME = "$(TARGET_NAME)";
				SWIFT_VERSION = 3.0;
			};
			name = Debug;
		};
		3F62DEB91E9DCC900040ACD3 /* Release */ = {
			isa = XCBuildConfiguration;
			buildSettings = {
				ASSETCATALOG_COMPILER_APPICON_NAME = AppIcon;
				DEVELOPMENT_TEAM = 3SXQEM59BM;
				INFOPLIST_FILE = "Marvel Hero Index/Info.plist";
				LD_RUNPATH_SEARCH_PATHS = "$(inherited) @executable_path/Frameworks";
				PRODUCT_BUNDLE_IDENTIFIER = "com.MikeStuck.Marvel-Hero-Index";
				PRODUCT_NAME = "$(TARGET_NAME)";
				SWIFT_VERSION = 3.0;
			};
			name = Release;
		};
		3F62DEBB1E9DCC900040ACD3 /* Debug */ = {
			isa = XCBuildConfiguration;
			buildSettings = {
				ALWAYS_EMBED_SWIFT_STANDARD_LIBRARIES = YES;
				BUNDLE_LOADER = "$(TEST_HOST)";
				DEVELOPMENT_TEAM = 3SXQEM59BM;
				INFOPLIST_FILE = "Marvel Hero IndexTests/Info.plist";
				LD_RUNPATH_SEARCH_PATHS = "$(inherited) @executable_path/Frameworks @loader_path/Frameworks";
				PRODUCT_BUNDLE_IDENTIFIER = "com.MikeStuck.Marvel-Hero-IndexTests";
				PRODUCT_NAME = "$(TARGET_NAME)";
				SWIFT_VERSION = 3.0;
				TEST_HOST = "$(BUILT_PRODUCTS_DIR)/Marvel Hero Index.app/Marvel Hero Index";
			};
			name = Debug;
		};
		3F62DEBC1E9DCC900040ACD3 /* Release */ = {
			isa = XCBuildConfiguration;
			buildSettings = {
				ALWAYS_EMBED_SWIFT_STANDARD_LIBRARIES = YES;
				BUNDLE_LOADER = "$(TEST_HOST)";
				DEVELOPMENT_TEAM = 3SXQEM59BM;
				INFOPLIST_FILE = "Marvel Hero IndexTests/Info.plist";
				LD_RUNPATH_SEARCH_PATHS = "$(inherited) @executable_path/Frameworks @loader_path/Frameworks";
				PRODUCT_BUNDLE_IDENTIFIER = "com.MikeStuck.Marvel-Hero-IndexTests";
				PRODUCT_NAME = "$(TARGET_NAME)";
				SWIFT_VERSION = 3.0;
				TEST_HOST = "$(BUILT_PRODUCTS_DIR)/Marvel Hero Index.app/Marvel Hero Index";
			};
			name = Release;
		};
		3F62DEBE1E9DCC900040ACD3 /* Debug */ = {
			isa = XCBuildConfiguration;
			buildSettings = {
				ALWAYS_EMBED_SWIFT_STANDARD_LIBRARIES = YES;
				DEVELOPMENT_TEAM = 3SXQEM59BM;
				INFOPLIST_FILE = "Marvel Hero IndexUITests/Info.plist";
				LD_RUNPATH_SEARCH_PATHS = "$(inherited) @executable_path/Frameworks @loader_path/Frameworks";
				PRODUCT_BUNDLE_IDENTIFIER = "com.MikeStuck.Marvel-Hero-IndexUITests";
				PRODUCT_NAME = "$(TARGET_NAME)";
				SWIFT_VERSION = 3.0;
				TEST_TARGET_NAME = "Marvel Hero Index";
			};
			name = Debug;
		};
		3F62DEBF1E9DCC900040ACD3 /* Release */ = {
			isa = XCBuildConfiguration;
			buildSettings = {
				ALWAYS_EMBED_SWIFT_STANDARD_LIBRARIES = YES;
				DEVELOPMENT_TEAM = 3SXQEM59BM;
				INFOPLIST_FILE = "Marvel Hero IndexUITests/Info.plist";
				LD_RUNPATH_SEARCH_PATHS = "$(inherited) @executable_path/Frameworks @loader_path/Frameworks";
				PRODUCT_BUNDLE_IDENTIFIER = "com.MikeStuck.Marvel-Hero-IndexUITests";
				PRODUCT_NAME = "$(TARGET_NAME)";
				SWIFT_VERSION = 3.0;
				TEST_TARGET_NAME = "Marvel Hero Index";
			};
			name = Release;
		};
/* End XCBuildConfiguration section */

/* Begin XCConfigurationList section */
		3F62DE8A1E9DCC8F0040ACD3 /* Build configuration list for PBXProject "Marvel Hero Index" */ = {
			isa = XCConfigurationList;
			buildConfigurations = (
				3F62DEB51E9DCC900040ACD3 /* Debug */,
				3F62DEB61E9DCC900040ACD3 /* Release */,
			);
			defaultConfigurationIsVisible = 0;
			defaultConfigurationName = Release;
		};
		3F62DEB71E9DCC900040ACD3 /* Build configuration list for PBXNativeTarget "Marvel Hero Index" */ = {
			isa = XCConfigurationList;
			buildConfigurations = (
				3F62DEB81E9DCC900040ACD3 /* Debug */,
				3F62DEB91E9DCC900040ACD3 /* Release */,
			);
			defaultConfigurationIsVisible = 0;
		};
		3F62DEBA1E9DCC900040ACD3 /* Build configuration list for PBXNativeTarget "Marvel Hero IndexTests" */ = {
			isa = XCConfigurationList;
			buildConfigurations = (
				3F62DEBB1E9DCC900040ACD3 /* Debug */,
				3F62DEBC1E9DCC900040ACD3 /* Release */,
			);
			defaultConfigurationIsVisible = 0;
		};
		3F62DEBD1E9DCC900040ACD3 /* Build configuration list for PBXNativeTarget "Marvel Hero IndexUITests" */ = {
			isa = XCConfigurationList;
			buildConfigurations = (
				3F62DEBE1E9DCC900040ACD3 /* Debug */,
				3F62DEBF1E9DCC900040ACD3 /* Release */,
			);
			defaultConfigurationIsVisible = 0;
		};
/* End XCConfigurationList section */
	};
	rootObject = 3F62DE871E9DCC8F0040ACD3 /* Project object */;
}
